# THIS IS AN AUTOGENERATED FILE. DO NOT EDIT THIS FILE DIRECTLY.
# yarn lockfile v1


ts-luxon@~2.0.3:
  version "2.0.3"
  resolved "https://registry.yarnpkg.com/ts-luxon/-/ts-luxon-2.0.3.tgz#d92991dfdb8d4e901a1ac33331f45ef2468ad3c0"
  integrity sha512-bXMsRTzAsgtLsyViDDMG1nQISUpcmtbycV86XPTFZucsD/w0FzGMdlwrmdADc0hoNk/aYZxJQFpZbxXoryZoFw==
